
Microsoft Visual Studio Solution File, Format Version 12.00
# Visual Studio 2013
VisualStudioVersion = 12.0.31101.0
MinimumVisualStudioVersion = 10.0.40219.1
Project("{FAE04EC0-301F-11D3-BF4B-00C04F79EFBC}") = "GAB.Core", "GAB.Core\GAB.Core.csproj", "{B7342C14-38D7-4D89-BAAC-99B154EA32E0}"
EndProject
Project("{FAE04EC0-301F-11D3-BF4B-00C04F79EFBC}") = "GAB.Console.ManualInput", "GAB.Console.ManualInput\GAB.Console.ManualInput.csproj", "{DF161957-97C7-4C30-8E3C-FAA74F574916}"
EndProject
Project("{FAE04EC0-301F-11D3-BF4B-00C04F79EFBC}") = "GAB.Services.OrderProducer", "GAB.Services.OrderProducer\GAB.Services.OrderProducer.csproj", "{7E69EB07-DDD7-4094-BB24-D0FDE8D07ABE}"
EndProject
Project("{FAE04EC0-301F-11D3-BF4B-00C04F79EFBC}") = "GAB.Services.OrderConsumer", "GAB.Services.OrderConsumer\GAB.Services.OrderConsumer.csproj", "{91D16675-4F2A-44BC-8973-EDD57CED1A36}"
EndProject
Project("{FAE04EC0-301F-11D3-BF4B-00C04F79EFBC}") = "GAB.Console.AutomaticInput", "GAB.Console.AutomaticInput\GAB.Console.AutomaticInput.csproj", "{825C52EB-6679-4F5D-A0C2-240775B26436}"
EndProject
Project("{FAE04EC0-301F-11D3-BF4B-00C04F79EFBC}") = "GAB.OrderConsumerWebJob", "GAB.OrderConsumerWebJob\GAB.OrderConsumerWebJob.csproj", "{4A3E873F-930B-417B-9E17-9CA31B3B2137}"
EndProject
Project("{2150E333-8FDC-42A3-9474-1A3956D46DE8}") = "02 - Application", "02 - Application", "{998813A7-E5C3-4E17-A999-AC45B3AEB260}"
EndProject
Project("{2150E333-8FDC-42A3-9474-1A3956D46DE8}") = "03 - Core", "03 - Core", "{76AC1A67-0C04-44E1-9019-4203114DFFE2}"
EndProject
Project("{2150E333-8FDC-42A3-9474-1A3956D46DE8}") = "04 - Infrastructure", "04 - Infrastructure", "{2D679F51-ADD9-4573-A6DC-1B3E428A9615}"
EndProject
Project("{FAE04EC0-301F-11D3-BF4B-00C04F79EFBC}") = "GAB.Infrastructure.Azure.Producer", "GAB.Infrastructure.Azure.Producer\GAB.Infrastructure.Azure.Producer.csproj", "{FC7DEFDB-4AA2-467E-B210-480933D35FE4}"
EndProject
Project("{2150E333-8FDC-42A3-9474-1A3956D46DE8}") = "Consumer", "Consumer", "{11BD7BF1-DE93-4AC1-9A1F-A1554957BB3F}"
EndProject
Project("{2150E333-8FDC-42A3-9474-1A3956D46DE8}") = "Producer", "Producer", "{5E06A1EC-2CB2-4FE7-8164-959B09A240B9}"
EndProject
Project("{FAE04EC0-301F-11D3-BF4B-00C04F79EFBC}") = "GAB.Infrastructure.Azure", "GAB.Infrastructure.Azure\GAB.Infrastructure.Azure.csproj", "{FB47D66B-D8BB-4A2C-9293-64A398542C90}"
EndProject
Project("{FAE04EC0-301F-11D3-BF4B-00C04F79EFBC}") = "GAB.Infrastructure.Azure.Consumer", "GAB.Infrastructure.Azure.Consumer\GAB.Infrastructure.Azure.Consumer.csproj", "{2404715F-E78F-4296-9AA1-B21D3E6E24B9}"
EndProject
Project("{FAE04EC0-301F-11D3-BF4B-00C04F79EFBC}") = "GAB.Console.ConsumerOutput", "GAB.Console.ConsumerOutput\GAB.Console.ConsumerOutput.csproj", "{E8A28655-F733-495E-9038-17176DC17C7C}"
EndProject
Global
	GlobalSection(SolutionConfigurationPlatforms) = preSolution
		Debug|Any CPU = Debug|Any CPU
		Release|Any CPU = Release|Any CPU
	EndGlobalSection
	GlobalSection(ProjectConfigurationPlatforms) = postSolution
		{B7342C14-38D7-4D89-BAAC-99B154EA32E0}.Debug|Any CPU.ActiveCfg = Debug|Any CPU
		{B7342C14-38D7-4D89-BAAC-99B154EA32E0}.Debug|Any CPU.Build.0 = Debug|Any CPU
		{B7342C14-38D7-4D89-BAAC-99B154EA32E0}.Release|Any CPU.ActiveCfg = Release|Any CPU
		{B7342C14-38D7-4D89-BAAC-99B154EA32E0}.Release|Any CPU.Build.0 = Release|Any CPU
		{DF161957-97C7-4C30-8E3C-FAA74F574916}.Debug|Any CPU.ActiveCfg = Debug|Any CPU
		{DF161957-97C7-4C30-8E3C-FAA74F574916}.Debug|Any CPU.Build.0 = Debug|Any CPU
		{DF161957-97C7-4C30-8E3C-FAA74F574916}.Release|Any CPU.ActiveCfg = Release|Any CPU
		{DF161957-97C7-4C30-8E3C-FAA74F574916}.Release|Any CPU.Build.0 = Release|Any CPU
		{7E69EB07-DDD7-4094-BB24-D0FDE8D07ABE}.Debug|Any CPU.ActiveCfg = Debug|Any CPU
		{7E69EB07-DDD7-4094-BB24-D0FDE8D07ABE}.Debug|Any CPU.Build.0 = Debug|Any CPU
		{7E69EB07-DDD7-4094-BB24-D0FDE8D07ABE}.Release|Any CPU.ActiveCfg = Release|Any CPU
		{7E69EB07-DDD7-4094-BB24-D0FDE8D07ABE}.Release|Any CPU.Build.0 = Release|Any CPU
		{91D16675-4F2A-44BC-8973-EDD57CED1A36}.Debug|Any CPU.ActiveCfg = Debug|Any CPU
		{91D16675-4F2A-44BC-8973-EDD57CED1A36}.Debug|Any CPU.Build.0 = Debug|Any CPU
		{91D16675-4F2A-44BC-8973-EDD57CED1A36}.Release|Any CPU.ActiveCfg = Release|Any CPU
		{91D16675-4F2A-44BC-8973-EDD57CED1A36}.Release|Any CPU.Build.0 = Release|Any CPU
		{825C52EB-6679-4F5D-A0C2-240775B26436}.Debug|Any CPU.ActiveCfg = Debug|Any CPU
		{825C52EB-6679-4F5D-A0C2-240775B26436}.Debug|Any CPU.Build.0 = Debug|Any CPU
		{825C52EB-6679-4F5D-A0C2-240775B26436}.Release|Any CPU.ActiveCfg = Release|Any CPU
		{825C52EB-6679-4F5D-A0C2-240775B26436}.Release|Any CPU.Build.0 = Release|Any CPU
		{4A3E873F-930B-417B-9E17-9CA31B3B2137}.Debug|Any CPU.ActiveCfg = Debug|Any CPU
		{4A3E873F-930B-417B-9E17-9CA31B3B2137}.Debug|Any CPU.Build.0 = Debug|Any CPU
		{4A3E873F-930B-417B-9E17-9CA31B3B2137}.Release|Any CPU.ActiveCfg = Release|Any CPU
		{4A3E873F-930B-417B-9E17-9CA31B3B2137}.Release|Any CPU.Build.0 = Release|Any CPU
		{FC7DEFDB-4AA2-467E-B210-480933D35FE4}.Debug|Any CPU.ActiveCfg = Debug|Any CPU
		{FC7DEFDB-4AA2-467E-B210-480933D35FE4}.Debug|Any CPU.Build.0 = Debug|Any CPU
		{FC7DEFDB-4AA2-467E-B210-480933D35FE4}.Release|Any CPU.ActiveCfg = Release|Any CPU
		{FC7DEFDB-4AA2-467E-B210-480933D35FE4}.Release|Any CPU.Build.0 = Release|Any CPU
		{FB47D66B-D8BB-4A2C-9293-64A398542C90}.Debug|Any CPU.ActiveCfg = Debug|Any CPU
		{FB47D66B-D8BB-4A2C-9293-64A398542C90}.Debug|Any CPU.Build.0 = Debug|Any CPU
		{FB47D66B-D8BB-4A2C-9293-64A398542C90}.Release|Any CPU.ActiveCfg = Release|Any CPU
		{FB47D66B-D8BB-4A2C-9293-64A398542C90}.Release|Any CPU.Build.0 = Release|Any CPU
		{2404715F-E78F-4296-9AA1-B21D3E6E24B9}.Debug|Any CPU.ActiveCfg = Debug|Any CPU
		{2404715F-E78F-4296-9AA1-B21D3E6E24B9}.Debug|Any CPU.Build.0 = Debug|Any CPU
		{2404715F-E78F-4296-9AA1-B21D3E6E24B9}.Release|Any CPU.ActiveCfg = Release|Any CPU
		{2404715F-E78F-4296-9AA1-B21D3E6E24B9}.Release|Any CPU.Build.0 = Release|Any CPU
		{E8A28655-F733-495E-9038-17176DC17C7C}.Debug|Any CPU.ActiveCfg = Debug|Any CPU
		{E8A28655-F733-495E-9038-17176DC17C7C}.Debug|Any CPU.Build.0 = Debug|Any CPU
		{E8A28655-F733-495E-9038-17176DC17C7C}.Release|Any CPU.ActiveCfg = Release|Any CPU
		{E8A28655-F733-495E-9038-17176DC17C7C}.Release|Any CPU.Build.0 = Release|Any CPU
	EndGlobalSection
	GlobalSection(SolutionProperties) = preSolution
		HideSolutionNode = FALSE
	EndGlobalSection
	GlobalSection(NestedProjects) = preSolution
		{B7342C14-38D7-4D89-BAAC-99B154EA32E0} = {76AC1A67-0C04-44E1-9019-4203114DFFE2}
		{DF161957-97C7-4C30-8E3C-FAA74F574916} = {5E06A1EC-2CB2-4FE7-8164-959B09A240B9}
		{7E69EB07-DDD7-4094-BB24-D0FDE8D07ABE} = {76AC1A67-0C04-44E1-9019-4203114DFFE2}
		{91D16675-4F2A-44BC-8973-EDD57CED1A36} = {76AC1A67-0C04-44E1-9019-4203114DFFE2}
		{825C52EB-6679-4F5D-A0C2-240775B26436} = {5E06A1EC-2CB2-4FE7-8164-959B09A240B9}
		{4A3E873F-930B-417B-9E17-9CA31B3B2137} = {11BD7BF1-DE93-4AC1-9A1F-A1554957BB3F}
		{FC7DEFDB-4AA2-467E-B210-480933D35FE4} = {2D679F51-ADD9-4573-A6DC-1B3E428A9615}
		{11BD7BF1-DE93-4AC1-9A1F-A1554957BB3F} = {998813A7-E5C3-4E17-A999-AC45B3AEB260}
		{5E06A1EC-2CB2-4FE7-8164-959B09A240B9} = {998813A7-E5C3-4E17-A999-AC45B3AEB260}
		{FB47D66B-D8BB-4A2C-9293-64A398542C90} = {2D679F51-ADD9-4573-A6DC-1B3E428A9615}
		{2404715F-E78F-4296-9AA1-B21D3E6E24B9} = {2D679F51-ADD9-4573-A6DC-1B3E428A9615}
		{E8A28655-F733-495E-9038-17176DC17C7C} = {11BD7BF1-DE93-4AC1-9A1F-A1554957BB3F}
	EndGlobalSection
EndGlobal
